
Microsoft Visual Studio Solution File, Format Version 10.00
# Visual Studio 2008
Project("{FAE04EC0-301F-11D3-BF4B-00C04F79EFBC}") = "NmcServiceClientTest", "NmcServiceClientTest.csproj", "{FEEBB4E4-AF93-4DD6-AE22-FBFE65034E33}"
EndProject
Project("{FAE04EC0-301F-11D3-BF4B-00C04F79EFBC}") = "NmcLogisticWebClient", "..\nmc_logistic_web_client\NmcLogisticWebClient.csproj", "{949422A8-AD7C-4EFA-BF7C-3685A52048A5}"
EndProject
Global
	GlobalSection(SolutionConfigurationPlatforms) = preSolution
		Debug|Any CPU = Debug|Any CPU
		Release|Any CPU = Release|Any CPU
	EndGlobalSection
	GlobalSection(ProjectConfigurationPlatforms) = postSolution
		{FEEBB4E4-AF93-4DD6-AE22-FBFE65034E33}.Debug|Any CPU.ActiveCfg = Debug|Any CPU
		{FEEBB4E4-AF93-4DD6-AE22-FBFE65034E33}.Debug|Any CPU.Build.0 = Debug|Any CPU
		{FEEBB4E4-AF93-4DD6-AE22-FBFE65034E33}.Release|Any CPU.ActiveCfg = Release|Any CPU
		{FEEBB4E4-AF93-4DD6-AE22-FBFE65034E33}.Release|Any CPU.Build.0 = Release|Any CPU
		{949422A8-AD7C-4EFA-BF7C-3685A52048A5}.Debug|Any CPU.ActiveCfg = Debug|Any CPU
		{949422A8-AD7C-4EFA-BF7C-3685A52048A5}.Debug|Any CPU.Build.0 = Debug|Any CPU
		{949422A8-AD7C-4EFA-BF7C-3685A52048A5}.Release|Any CPU.ActiveCfg = Release|Any CPU
		{949422A8-AD7C-4EFA-BF7C-3685A52048A5}.Release|Any CPU.Build.0 = Release|Any CPU
	EndGlobalSection
	GlobalSection(SolutionProperties) = preSolution
		HideSolutionNode = FALSE
	EndGlobalSection
EndGlobal
