
Microsoft Visual Studio Solution File, Format Version 9.00
# Visual Studio 2005
Project("{FAE04EC0-301F-11D3-BF4B-00C04F79EFBC}") = "CommonLibrary", "CommonLibrary\CommonLibrary.csproj", "{29E9AB26-454A-4A8C-A2F6-9063B1B261CF}"
EndProject
Project("{FAE04EC0-301F-11D3-BF4B-00C04F79EFBC}") = "CommonInterface", "..\CommonInterface\CommonInterface\CommonInterface.csproj", "{B67369FF-3ABF-4414-9385-0487FA0A53D8}"
EndProject
Global
	GlobalSection(SolutionConfigurationPlatforms) = preSolution
		Debug|Any CPU = Debug|Any CPU
		Release|Any CPU = Release|Any CPU
	EndGlobalSection
	GlobalSection(ProjectConfigurationPlatforms) = postSolution
		{29E9AB26-454A-4A8C-A2F6-9063B1B261CF}.Debug|Any CPU.ActiveCfg = Debug|Any CPU
		{29E9AB26-454A-4A8C-A2F6-9063B1B261CF}.Debug|Any CPU.Build.0 = Debug|Any CPU
		{29E9AB26-454A-4A8C-A2F6-9063B1B261CF}.Release|Any CPU.ActiveCfg = Release|Any CPU
		{29E9AB26-454A-4A8C-A2F6-9063B1B261CF}.Release|Any CPU.Build.0 = Release|Any CPU
		{B67369FF-3ABF-4414-9385-0487FA0A53D8}.Debug|Any CPU.ActiveCfg = Debug|Any CPU
		{B67369FF-3ABF-4414-9385-0487FA0A53D8}.Debug|Any CPU.Build.0 = Debug|Any CPU
		{B67369FF-3ABF-4414-9385-0487FA0A53D8}.Release|Any CPU.ActiveCfg = Release|Any CPU
		{B67369FF-3ABF-4414-9385-0487FA0A53D8}.Release|Any CPU.Build.0 = Release|Any CPU
	EndGlobalSection
	GlobalSection(SolutionProperties) = preSolution
		HideSolutionNode = FALSE
	EndGlobalSection
EndGlobal
